// !$*UTF8*$!
{
	archiveVersion = 1;
	classes = {
	};
	objectVersion = 48;
	objects = {

/* Begin PBXBuildFile section */
		4269022D2073D53F00C02CA3 /* CategoryViewController.swift in Sources */ = {isa = PBXBuildFile; fileRef = 4269022C2073D53F00C02CA3 /* CategoryViewController.swift */; };
		4297916A20753AD300DEB09E /* Item.swift in Sources */ = {isa = PBXBuildFile; fileRef = 4297916920753AD300DEB09E /* Item.swift */; };
		4297916C20753ADC00DEB09E /* Category.swift in Sources */ = {isa = PBXBuildFile; fileRef = 4297916B20753ADC00DEB09E /* Category.swift */; };
		42D5D5A4206AD1EB0088B3EA /* AppDelegate.swift in Sources */ = {isa = PBXBuildFile; fileRef = 42D5D5A3206AD1EB0088B3EA /* AppDelegate.swift */; };
		42D5D5A6206AD1EB0088B3EA /* TodoListViewController.swift in Sources */ = {isa = PBXBuildFile; fileRef = 42D5D5A5206AD1EB0088B3EA /* TodoListViewController.swift */; };
		42D5D5A9206AD1EB0088B3EA /* Main.storyboard in Resources */ = {isa = PBXBuildFile; fileRef = 42D5D5A7206AD1EB0088B3EA /* Main.storyboard */; };
		42D5D5AB206AD1EB0088B3EA /* Assets.xcassets in Resources */ = {isa = PBXBuildFile; fileRef = 42D5D5AA206AD1EB0088B3EA /* Assets.xcassets */; };
		42D5D5AE206AD1EB0088B3EA /* LaunchScreen.storyboard in Resources */ = {isa = PBXBuildFile; fileRef = 42D5D5AC206AD1EB0088B3EA /* LaunchScreen.storyboard */; };
		ACB6949C59855E2E9BD22BAB /* Pods_Todoey.framework in Frameworks */ = {isa = PBXBuildFile; fileRef = 6825C8608F94FE36C3B89269 /* Pods_Todoey.framework */; };
/* End PBXBuildFile section */

/* Begin PBXFileReference section */
		4269022C2073D53F00C02CA3 /* CategoryViewController.swift */ = {isa = PBXFileReference; lastKnownFileType = sourcecode.swift; path = CategoryViewController.swift; sourceTree = "<group>"; };
		4297916920753AD300DEB09E /* Item.swift */ = {isa = PBXFileReference; lastKnownFileType = sourcecode.swift; path = Item.swift; sourceTree = "<group>"; };
		4297916B20753ADC00DEB09E /* Category.swift */ = {isa = PBXFileReference; lastKnownFileType = sourcecode.swift; path = Category.swift; sourceTree = "<group>"; };
		42D5D5A0206AD1EB0088B3EA /* Todoey.app */ = {isa = PBXFileReference; explicitFileType = wrapper.application; includeInIndex = 0; path = Todoey.app; sourceTree = BUILT_PRODUCTS_DIR; };
		42D5D5A3206AD1EB0088B3EA /* AppDelegate.swift */ = {isa = PBXFileReference; lastKnownFileType = sourcecode.swift; path = AppDelegate.swift; sourceTree = "<group>"; };
		42D5D5A5206AD1EB0088B3EA /* TodoListViewController.swift */ = {isa = PBXFileReference; lastKnownFileType = sourcecode.swift; path = TodoListViewController.swift; sourceTree = "<group>"; };
		42D5D5A8206AD1EB0088B3EA /* Base */ = {isa = PBXFileReference; lastKnownFileType = file.storyboard; name = Base; path = Base.lproj/Main.storyboard; sourceTree = "<group>"; };
		42D5D5AA206AD1EB0088B3EA /* Assets.xcassets */ = {isa = PBXFileReference; lastKnownFileType = folder.assetcatalog; path = Assets.xcassets; sourceTree = "<group>"; };
		42D5D5AD206AD1EB0088B3EA /* Base */ = {isa = PBXFileReference; lastKnownFileType = file.storyboard; name = Base; path = Base.lproj/LaunchScreen.storyboard; sourceTree = "<group>"; };
		42D5D5AF206AD1EB0088B3EA /* Info.plist */ = {isa = PBXFileReference; lastKnownFileType = text.plist.xml; path = Info.plist; sourceTree = "<group>"; };
		6825C8608F94FE36C3B89269 /* Pods_Todoey.framework */ = {isa = PBXFileReference; explicitFileType = wrapper.framework; includeInIndex = 0; path = Pods_Todoey.framework; sourceTree = BUILT_PRODUCTS_DIR; };
		AB5A006748BE8B88BA0E249F /* Pods-Todoey.release.xcconfig */ = {isa = PBXFileReference; includeInIndex = 1; lastKnownFileType = text.xcconfig; name = "Pods-Todoey.release.xcconfig"; path = "Pods/Target Support Files/Pods-Todoey/Pods-Todoey.release.xcconfig"; sourceTree = "<group>"; };
		E59A289991A05D3573DF87A9 /* Pods-Todoey.debug.xcconfig */ = {isa = PBXFileReference; includeInIndex = 1; lastKnownFileType = text.xcconfig; name = "Pods-Todoey.debug.xcconfig"; path = "Pods/Target Support Files/Pods-Todoey/Pods-Todoey.debug.xcconfig"; sourceTree = "<group>"; };
/* End PBXFileReference section */

/* Begin PBXFrameworksBuildPhase section */
		42D5D59D206AD1EB0088B3EA /* Frameworks */ = {
			isa = PBXFrameworksBuildPhase;
			buildActionMask = 2147483647;
			files = (
				ACB6949C59855E2E9BD22BAB /* Pods_Todoey.framework in Frameworks */,
			);
			runOnlyForDeploymentPostprocessing = 0;
		};
/* End PBXFrameworksBuildPhase section */

/* Begin PBXGroup section */
		0B1C1015835AF0FDF03FA9E6 /* Frameworks */ = {
			isa = PBXGroup;
			children = (
				6825C8608F94FE36C3B89269 /* Pods_Todoey.framework */,
			);
			name = Frameworks;
			sourceTree = "<group>";
		};
		42D0DACE206CC54A000F99C7 /* Data Model */ = {
			isa = PBXGroup;
			children = (
				4297916B20753ADC00DEB09E /* Category.swift */,
				4297916920753AD300DEB09E /* Item.swift */,
			);
			path = "Data Model";
			sourceTree = "<group>";
		};
		42D0DACF206CC555000F99C7 /* Controller */ = {
			isa = PBXGroup;
			children = (
				4269022C2073D53F00C02CA3 /* CategoryViewController.swift */,
				42D5D5A5206AD1EB0088B3EA /* TodoListViewController.swift */,
			);
			path = Controller;
			sourceTree = "<group>";
		};
		42D0DAD0206CC56F000F99C7 /* Views */ = {
			isa = PBXGroup;
			children = (
				42D5D5A7206AD1EB0088B3EA /* Main.storyboard */,
			);
			path = Views;
			sourceTree = "<group>";
		};
		42D0DAD1206CC57D000F99C7 /* Supporting Files */ = {
			isa = PBXGroup;
			children = (
				42D5D5AA206AD1EB0088B3EA /* Assets.xcassets */,
				42D5D5AC206AD1EB0088B3EA /* LaunchScreen.storyboard */,
			);
			path = "Supporting Files";
			sourceTree = "<group>";
		};
		42D5D597206AD1EB0088B3EA = {
			isa = PBXGroup;
			children = (
				42D5D5A2206AD1EB0088B3EA /* Todoey */,
				42D5D5A1206AD1EB0088B3EA /* Products */,
				6DEC4A4E8AD8678B63B243A0 /* Pods */,
				0B1C1015835AF0FDF03FA9E6 /* Frameworks */,
			);
			sourceTree = "<group>";
		};
		42D5D5A1206AD1EB0088B3EA /* Products */ = {
			isa = PBXGroup;
			children = (
				42D5D5A0206AD1EB0088B3EA /* Todoey.app */,
			);
			name = Products;
			sourceTree = "<group>";
		};
		42D5D5A2206AD1EB0088B3EA /* Todoey */ = {
			isa = PBXGroup;
			children = (
				42D5D5A3206AD1EB0088B3EA /* AppDelegate.swift */,
				42D0DACE206CC54A000F99C7 /* Data Model */,
				42D0DACF206CC555000F99C7 /* Controller */,
				42D0DAD0206CC56F000F99C7 /* Views */,
				42D0DAD1206CC57D000F99C7 /* Supporting Files */,
				42D5D5AF206AD1EB0088B3EA /* Info.plist */,
			);
			path = Todoey;
			sourceTree = "<group>";
		};
		6DEC4A4E8AD8678B63B243A0 /* Pods */ = {
			isa = PBXGroup;
			children = (
				E59A289991A05D3573DF87A9 /* Pods-Todoey.debug.xcconfig */,
				AB5A006748BE8B88BA0E249F /* Pods-Todoey.release.xcconfig */,
			);
			name = Pods;
			sourceTree = "<group>";
		};
/* End PBXGroup section */

/* Begin PBXNativeTarget section */
		42D5D59F206AD1EB0088B3EA /* Todoey */ = {
			isa = PBXNativeTarget;
			buildConfigurationList = 42D5D5B2206AD1EB0088B3EA /* Build configuration list for PBXNativeTarget "Todoey" */;
			buildPhases = (
				C475BD9D551892634FF3783E /* [CP] Check Pods Manifest.lock */,
				42D5D59C206AD1EB0088B3EA /* Sources */,
				42D5D59D206AD1EB0088B3EA /* Frameworks */,
				42D5D59E206AD1EB0088B3EA /* Resources */,
				2DBBB85D44AE9ABCB0567BAE /* [CP] Embed Pods Frameworks */,
				FD632601E0897D789B5F5236 /* [CP] Copy Pods Resources */,
			);
			buildRules = (
			);
			dependencies = (
			);
			name = Todoey;
			productName = Todoey;
			productReference = 42D5D5A0206AD1EB0088B3EA /* Todoey.app */;
			productType = "com.apple.product-type.application";
		};
/* End PBXNativeTarget section */

/* Begin PBXProject section */
		42D5D598206AD1EB0088B3EA /* Project object */ = {
			isa = PBXProject;
			attributes = {
				LastSwiftUpdateCheck = 0920;
				LastUpgradeCheck = 0930;
				ORGANIZATIONNAME = toorpia;
				TargetAttributes = {
					42D5D59F206AD1EB0088B3EA = {
						CreatedOnToolsVersion = 9.2;
						ProvisioningStyle = Automatic;
					};
				};
			};
			buildConfigurationList = 42D5D59B206AD1EB0088B3EA /* Build configuration list for PBXProject "Todoey" */;
			compatibilityVersion = "Xcode 8.0";
			developmentRegion = en;
			hasScannedForEncodings = 0;
			knownRegions = (
				en,
				Base,
			);
			mainGroup = 42D5D597206AD1EB0088B3EA;
			productRefGroup = 42D5D5A1206AD1EB0088B3EA /* Products */;
			projectDirPath = "";
			projectRoot = "";
			targets = (
				42D5D59F206AD1EB0088B3EA /* Todoey */,
			);
		};
/* End PBXProject section */

/* Begin PBXResourcesBuildPhase section */
		42D5D59E206AD1EB0088B3EA /* Resources */ = {
			isa = PBXResourcesBuildPhase;
			buildActionMask = 2147483647;
			files = (
				42D5D5AE206AD1EB0088B3EA /* LaunchScreen.storyboard in Resources */,
				42D5D5AB206AD1EB0088B3EA /* Assets.xcassets in Resources */,
				42D5D5A9206AD1EB0088B3EA /* Main.storyboard in Resources */,
			);
			runOnlyForDeploymentPostprocessing = 0;
		};
/* End PBXResourcesBuildPhase section */

/* Begin PBXShellScriptBuildPhase section */
		2DBBB85D44AE9ABCB0567BAE /* [CP] Embed Pods Frameworks */ = {
			isa = PBXShellScriptBuildPhase;
			buildActionMask = 2147483647;
			files = (
			);
			inputPaths = (
				"${SRCROOT}/Pods/Target Support Files/Pods-Todoey/Pods-Todoey-frameworks.sh",
				"${BUILT_PRODUCTS_DIR}/Realm/Realm.framework",
				"${BUILT_PRODUCTS_DIR}/RealmSwift/RealmSwift.framework",
			);
			name = "[CP] Embed Pods Frameworks";
			outputPaths = (
				"${TARGET_BUILD_DIR}/${FRAMEWORKS_FOLDER_PATH}/Realm.framework",
				"${TARGET_BUILD_DIR}/${FRAMEWORKS_FOLDER_PATH}/RealmSwift.framework",
			);
			runOnlyForDeploymentPostprocessing = 0;
			shellPath = /bin/sh;
			shellScript = "\"${SRCROOT}/Pods/Target Support Files/Pods-Todoey/Pods-Todoey-frameworks.sh\"\n";
			showEnvVarsInLog = 0;
		};
		C475BD9D551892634FF3783E /* [CP] Check Pods Manifest.lock */ = {
			isa = PBXShellScriptBuildPhase;
			buildActionMask = 2147483647;
			files = (
			);
			inputPaths = (
				"${PODS_PODFILE_DIR_PATH}/Podfile.lock",
				"${PODS_ROOT}/Manifest.lock",
			);
			name = "[CP] Check Pods Manifest.lock";
			outputPaths = (
				"$(DERIVED_FILE_DIR)/Pods-Todoey-checkManifestLockResult.txt",
			);
			runOnlyForDeploymentPostprocessing = 0;
			shellPath = /bin/sh;
			shellScript = "diff \"${PODS_PODFILE_DIR_PATH}/Podfile.lock\" \"${PODS_ROOT}/Manifest.lock\" > /dev/null\nif [ $? != 0 ] ; then\n    # print error to STDERR\n    echo \"error: The sandbox is not in sync with the Podfile.lock. Run 'pod install' or update your CocoaPods installation.\" >&2\n    exit 1\nfi\n# This output is used by Xcode 'outputs' to avoid re-running this script phase.\necho \"SUCCESS\" > \"${SCRIPT_OUTPUT_FILE_0}\"\n";
			showEnvVarsInLog = 0;
		};
		FD632601E0897D789B5F5236 /* [CP] Copy Pods Resources */ = {
			isa = PBXShellScriptBuildPhase;
			buildActionMask = 2147483647;
			files = (
			);
			inputPaths = (
			);
			name = "[CP] Copy Pods Resources";
			outputPaths = (
			);
			runOnlyForDeploymentPostprocessing = 0;
			shellPath = /bin/sh;
			shellScript = "\"${SRCROOT}/Pods/Target Support Files/Pods-Todoey/Pods-Todoey-resources.sh\"\n";
			showEnvVarsInLog = 0;
		};
/* End PBXShellScriptBuildPhase section */

/* Begin PBXSourcesBuildPhase section */
		42D5D59C206AD1EB0088B3EA /* Sources */ = {
			isa = PBXSourcesBuildPhase;
			buildActionMask = 2147483647;
			files = (
				4297916A20753AD300DEB09E /* Item.swift in Sources */,
				4269022D2073D53F00C02CA3 /* CategoryViewController.swift in Sources */,
				42D5D5A6206AD1EB0088B3EA /* TodoListViewController.swift in Sources */,
				42D5D5A4206AD1EB0088B3EA /* AppDelegate.swift in Sources */,
				4297916C20753ADC00DEB09E /* Category.swift in Sources */,
			);
			runOnlyForDeploymentPostprocessing = 0;
		};
/* End PBXSourcesBuildPhase section */

/* Begin PBXVariantGroup section */
		42D5D5A7206AD1EB0088B3EA /* Main.storyboard */ = {
			isa = PBXVariantGroup;
			children = (
				42D5D5A8206AD1EB0088B3EA /* Base */,
			);
			name = Main.storyboard;
			sourceTree = "<group>";
		};
		42D5D5AC206AD1EB0088B3EA /* LaunchScreen.storyboard */ = {
			isa = PBXVariantGroup;
			children = (
				42D5D5AD206AD1EB0088B3EA /* Base */,
			);
			name = LaunchScreen.storyboard;
			sourceTree = "<group>";
		};
/* End PBXVariantGroup section */

/* Begin XCBuildConfiguration section */
		42D5D5B0206AD1EB0088B3EA /* Debug */ = {
			isa = XCBuildConfiguration;
			buildSettings = {
				ALWAYS_SEARCH_USER_PATHS = NO;
				CLANG_ANALYZER_NONNULL = YES;
				CLANG_ANALYZER_NUMBER_OBJECT_CONVERSION = YES_AGGRESSIVE;
				CLANG_CXX_LANGUAGE_STANDARD = "gnu++14";
				CLANG_CXX_LIBRARY = "libc++";
				CLANG_ENABLE_MODULES = YES;
				CLANG_ENABLE_OBJC_ARC = YES;
				CLANG_WARN_BLOCK_CAPTURE_AUTORELEASING = YES;
				CLANG_WARN_BOOL_CONVERSION = YES;
				CLANG_WARN_COMMA = YES;
				CLANG_WARN_CONSTANT_CONVERSION = YES;
				CLANG_WARN_DEPRECATED_OBJC_IMPLEMENTATIONS = YES;
				CLANG_WARN_DIRECT_OBJC_ISA_USAGE = YES_ERROR;
				CLANG_WARN_DOCUMENTATION_COMMENTS = YES;
				CLANG_WARN_EMPTY_BODY = YES;
				CLANG_WARN_ENUM_CONVERSION = YES;
				CLANG_WARN_INFINITE_RECURSION = YES;
				CLANG_WARN_INT_CONVERSION = YES;
				CLANG_WARN_NON_LITERAL_NULL_CONVERSION = YES;
				CLANG_WARN_OBJC_IMPLICIT_RETAIN_SELF = YES;
				CLANG_WARN_OBJC_LITERAL_CONVERSION = YES;
				CLANG_WARN_OBJC_ROOT_CLASS = YES_ERROR;
				CLANG_WARN_RANGE_LOOP_ANALYSIS = YES;
				CLANG_WARN_STRICT_PROTOTYPES = YES;
				CLANG_WARN_SUSPICIOUS_MOVE = YES;
				CLANG_WARN_UNGUARDED_AVAILABILITY = YES_AGGRESSIVE;
				CLANG_WARN_UNREACHABLE_CODE = YES;
				CLANG_WARN__DUPLICATE_METHOD_MATCH = YES;
				CODE_SIGN_IDENTITY = "iPhone Developer";
				COPY_PHASE_STRIP = NO;
				DEBUG_INFORMATION_FORMAT = dwarf;
				ENABLE_STRICT_OBJC_MSGSEND = YES;
				ENABLE_TESTABILITY = YES;
				GCC_C_LANGUAGE_STANDARD = gnu11;
				GCC_DYNAMIC_NO_PIC = NO;
				GCC_NO_COMMON_BLOCKS = YES;
				GCC_OPTIMIZATION_LEVEL = 0;
				GCC_PREPROCESSOR_DEFINITIONS = (
					"DEBUG=1",
					"$(inherited)",
				);
				GCC_WARN_64_TO_32_BIT_CONVERSION = YES;
				GCC_WARN_ABOUT_RETURN_TYPE = YES_ERROR;
				GCC_WARN_UNDECLARED_SELECTOR = YES;
				GCC_WARN_UNINITIALIZED_AUTOS = YES_AGGRESSIVE;
				GCC_WARN_UNUSED_FUNCTION = YES;
				GCC_WARN_UNUSED_VARIABLE = YES;
				IPHONEOS_DEPLOYMENT_TARGET = 11.2;
				MTL_ENABLE_DEBUG_INFO = YES;
				ONLY_ACTIVE_ARCH = YES;
				SDKROOT = iphoneos;
				SWIFT_ACTIVE_COMPILATION_CONDITIONS = DEBUG;
				SWIFT_OPTIMIZATION_LEVEL = "-Onone";
			};
			name = Debug;
		};
		42D5D5B1206AD1EB0088B3EA /* Release */ = {
			isa = XCBuildConfiguration;
			buildSettings = {
				ALWAYS_SEARCH_USER_PATHS = NO;
				CLANG_ANALYZER_NONNULL = YES;
				CLANG_ANALYZER_NUMBER_OBJECT_CONVERSION = YES_AGGRESSIVE;
				CLANG_CXX_LANGUAGE_STANDARD = "gnu++14";
				CLANG_CXX_LIBRARY = "libc++";
				CLANG_ENABLE_MODULES = YES;
				CLANG_ENABLE_OBJC_ARC = YES;
				CLANG_WARN_BLOCK_CAPTURE_AUTORELEASING = YES;
				CLANG_WARN_BOOL_CONVERSION = YES;
				CLANG_WARN_COMMA = YES;
				CLANG_WARN_CONSTANT_CONVERSION = YES;
				CLANG_WARN_DEPRECATED_OBJC_IMPLEMENTATIONS = YES;
				CLANG_WARN_DIRECT_OBJC_ISA_USAGE = YES_ERROR;
				CLANG_WARN_DOCUMENTATION_COMMENTS = YES;
				CLANG_WARN_EMPTY_BODY = YES;
				CLANG_WARN_ENUM_CONVERSION = YES;
				CLANG_WARN_INFINITE_RECURSION = YES;
				CLANG_WARN_INT_CONVERSION = YES;
				CLANG_WARN_NON_LITERAL_NULL_CONVERSION = YES;
				CLANG_WARN_OBJC_IMPLICIT_RETAIN_SELF = YES;
				CLANG_WARN_OBJC_LITERAL_CONVERSION = YES;
				CLANG_WARN_OBJC_ROOT_CLASS = YES_ERROR;
				CLANG_WARN_RANGE_LOOP_ANALYSIS = YES;
				CLANG_WARN_STRICT_PROTOTYPES = YES;
				CLANG_WARN_SUSPICIOUS_MOVE = YES;
				CLANG_WARN_UNGUARDED_AVAILABILITY = YES_AGGRESSIVE;
				CLANG_WARN_UNREACHABLE_CODE = YES;
				CLANG_WARN__DUPLICATE_METHOD_MATCH = YES;
				CODE_SIGN_IDENTITY = "iPhone Developer";
				COPY_PHASE_STRIP = NO;
				DEBUG_INFORMATION_FORMAT = "dwarf-with-dsym";
				ENABLE_NS_ASSERTIONS = NO;
				ENABLE_STRICT_OBJC_MSGSEND = YES;
				GCC_C_LANGUAGE_STANDARD = gnu11;
				GCC_NO_COMMON_BLOCKS = YES;
				GCC_WARN_64_TO_32_BIT_CONVERSION = YES;
				GCC_WARN_ABOUT_RETURN_TYPE = YES_ERROR;
				GCC_WARN_UNDECLARED_SELECTOR = YES;
				GCC_WARN_UNINITIALIZED_AUTOS = YES_AGGRESSIVE;
				GCC_WARN_UNUSED_FUNCTION = YES;
				GCC_WARN_UNUSED_VARIABLE = YES;
				IPHONEOS_DEPLOYMENT_TARGET = 11.2;
				MTL_ENABLE_DEBUG_INFO = NO;
				SDKROOT = iphoneos;
				SWIFT_OPTIMIZATION_LEVEL = "-Owholemodule";
				VALIDATE_PRODUCT = YES;
			};
			name = Release;
		};
		42D5D5B3206AD1EB0088B3EA /* Debug */ = {
			isa = XCBuildConfiguration;
			baseConfigurationReference = E59A289991A05D3573DF87A9 /* Pods-Todoey.debug.xcconfig */;
			buildSettings = {
				ASSETCATALOG_COMPILER_APPICON_NAME = AppIcon;
				CODE_SIGN_STYLE = Automatic;
				DEVELOPMENT_TEAM = T6Z5HP7249;
				INFOPLIST_FILE = Todoey/Info.plist;
				IPHONEOS_DEPLOYMENT_TARGET = 11.3;
				LD_RUNPATH_SEARCH_PATHS = "$(inherited) @executable_path/Frameworks";
				PRODUCT_BUNDLE_IDENTIFIER = com.toorpia.Todoey;
				PRODUCT_NAME = "$(TARGET_NAME)";
				SWIFT_VERSION = 4.0;
				TARGETED_DEVICE_FAMILY = "1,2";
			};
			name = Debug;
		};
		42D5D5B4206AD1EB0088B3EA /* Release */ = {
			isa = XCBuildConfiguration;
			baseConfigurationReference = AB5A006748BE8B88BA0E249F /* Pods-Todoey.release.xcconfig */;
			buildSettings = {
				ASSETCATALOG_COMPILER_APPICON_NAME = AppIcon;
				CODE_SIGN_STYLE = Automatic;
				DEVELOPMENT_TEAM = T6Z5HP7249;
				INFOPLIST_FILE = Todoey/Info.plist;
				IPHONEOS_DEPLOYMENT_TARGET = 11.3;
				LD_RUNPATH_SEARCH_PATHS = "$(inherited) @executable_path/Frameworks";
				PRODUCT_BUNDLE_IDENTIFIER = com.toorpia.Todoey;
				PRODUCT_NAME = "$(TARGET_NAME)";
				SWIFT_VERSION = 4.0;
				TARGETED_DEVICE_FAMILY = "1,2";
			};
			name = Release;
		};
/* End XCBuildConfiguration section */

/* Begin XCConfigurationList section */
		42D5D59B206AD1EB0088B3EA /* Build configuration list for PBXProject "Todoey" */ = {
			isa = XCConfigurationList;
			buildConfigurations = (
				42D5D5B0206AD1EB0088B3EA /* Debug */,
				42D5D5B1206AD1EB0088B3EA /* Release */,
			);
			defaultConfigurationIsVisible = 0;
			defaultConfigurationName = Release;
		};
		42D5D5B2206AD1EB0088B3EA /* Build configuration list for PBXNativeTarget "Todoey" */ = {
			isa = XCConfigurationList;
			buildConfigurations = (
				42D5D5B3206AD1EB0088B3EA /* Debug */,
				42D5D5B4206AD1EB0088B3EA /* Release */,
			);
			defaultConfigurationIsVisible = 0;
			defaultConfigurationName = Release;
		};
/* End XCConfigurationList section */
	};
	rootObject = 42D5D598206AD1EB0088B3EA /* Project object */;
}
